
Microsoft Visual Studio Solution File, Format Version 12.00
# Visual Studio Version 17
VisualStudioVersion = 17.14.36623.8 d17.14
MinimumVisualStudioVersion = 10.0.40219.1
Project("{FAE04EC0-301F-11D3-BF4B-00C04F79EFBC}") = "HairlyticsRestAPI", "HairlyticsRestAPI\HairlyticsRestAPI.csproj", "{1CBE18D0-3798-492C-9E8D-6D7F63718FA7}"
EndProject
Global
	GlobalSection(SolutionConfigurationPlatforms) = preSolution
		Debug|Any CPU = Debug|Any CPU
		Release|Any CPU = Release|Any CPU
	EndGlobalSection
	GlobalSection(ProjectConfigurationPlatforms) = postSolution
		{1CBE18D0-3798-492C-9E8D-6D7F63718FA7}.Debug|Any CPU.ActiveCfg = Debug|Any CPU
		{1CBE18D0-3798-492C-9E8D-6D7F63718FA7}.Debug|Any CPU.Build.0 = Debug|Any CPU
		{1CBE18D0-3798-492C-9E8D-6D7F63718FA7}.Release|Any CPU.ActiveCfg = Release|Any CPU
		{1CBE18D0-3798-492C-9E8D-6D7F63718FA7}.Release|Any CPU.Build.0 = Release|Any CPU
	EndGlobalSection
	GlobalSection(SolutionProperties) = preSolution
		HideSolutionNode = FALSE
	EndGlobalSection
	GlobalSection(ExtensibilityGlobals) = postSolution
		SolutionGuid = {60008561-C954-4DB2-953B-D820C169A355}
	EndGlobalSection
EndGlobal
